<?xml version="1.0" encoding="utf-8"?>
<Project ToolsVersion="4.0" xmlns="http://schemas.microsoft.com/developer/msbuild/2003">
  <ItemGroup>
    <Filter Include="源文件">
      <UniqueIdentifier>{4FC737F1-C7A5-4376-A066-2A32D752A2FF}</UniqueIdentifier>
      <Extensions>cpp;c;cc;cxx;c++;cppm;ixx;def;odl;idl;hpj;bat;asm;asmx</Extensions>
    </Filter>
    <Filter Include="头文件">
      <UniqueIdentifier>{93995380-89BD-4b04-88EB-625FBE52EBFB}</UniqueIdentifier>
      <Extensions>h;hh;hpp;hxx;h++;hm;inl;inc;ipp;xsd</Extensions>
    </Filter>
    <Filter Include="资源文件">
      <UniqueIdentifier>{67DA6AB6-F800-4c08-8B7A-83BB121AAD01}</UniqueIdentifier>
      <Extensions>rc;ico;cur;bmp;dlg;rc2;rct;bin;rgs;gif;jpg;jpeg;jpe;resx;tiff;tif;png;wav;mfcribbon-ms</Extensions>
    </Filter>
    <Filter Include="第三方库">
      <UniqueIdentifier>{9d5fe1af-fe2e-4f7b-95cf-3eefe1e72c77}</UniqueIdentifier>
    </Filter>
  </ItemGroup>
  <ItemGroup>
    <ClInclude Include="..\lib\nlohmann\json.hpp">
      <Filter>第三方库</Filter>
    </ClInclude>
    <ClInclude Include="..\include\CollisionManager.h">
      <Filter>头文件</Filter>
    </ClInclude>
    <ClInclude Include="..\include\Config_data.h">
      <Filter>头文件</Filter>
    </ClInclude>
    <ClInclude Include="..\include\Game.h">
      <Filter>头文件</Filter>
    </ClInclude>
    <ClInclude Include="..\include\GameLevel.h">
      <Filter>头文件</Filter>
    </ClInclude>
    <ClInclude Include="..\include\GameManager.h">
      <Filter>头文件</Filter>
    </ClInclude>
    <ClInclude Include="..\include\GameMap.h">
      <Filter>头文件</Filter>
    </ClInclude>
    <ClInclude Include="..\include\GameObject.h">
      <Filter>头文件</Filter>
    </ClInclude>
    <ClInclude Include="..\include\GamePlayer.h">
      <Filter>头文件</Filter>
    </ClInclude>
    <ClInclude Include="..\include\InputHandler.h">
      <Filter>头文件</Filter>
    </ClInclude>
    <ClInclude Include="..\include\Log.h">
      <Filter>头文件</Filter>
    </ClInclude>
    <ClInclude Include="..\include\ScreenDrawer.h">
      <Filter>头文件</Filter>
    </ClInclude>
    <ClInclude Include="..\include\PortalManager.h">
      <Filter>头文件</Filter>
    </ClInclude>
    <ClInclude Include="..\include\GameBattleManager.h">
      <Filter>头文件</Filter>
    </ClInclude>
    <ClInclude Include="..\include\GameTool.h">
      <Filter>头文件</Filter>
    </ClInclude>
    <ClInclude Include="..\include\Pokemon.h">
      <Filter>头文件</Filter>
    </ClInclude>
    <ClInclude Include="..\include\PokemonDataCalculation.h">
      <Filter>头文件</Filter>
    </ClInclude>
    <ClInclude Include="..\include\PokemonSkill.h">
      <Filter>头文件</Filter>
    </ClInclude>
    <ClInclude Include="..\include\PokemonSpecies.h">
      <Filter>头文件</Filter>
    </ClInclude>
    <ClInclude Include="..\include\PokemonDatas.h">
      <Filter>头文件</Filter>
    </ClInclude>
    <ClInclude Include="..\include\Config.h">
      <Filter>头文件</Filter>
    </ClInclude>
  </ItemGroup>
  <ItemGroup>
    <Text Include="..\log\log.txt">
      <Filter>资源文件</Filter>
    </Text>
  </ItemGroup>
  <ItemGroup>
    <None Include="..\conf\conf.json">
      <Filter>资源文件</Filter>
    </None>
  </ItemGroup>
  <ItemGroup>
    <ClCompile Include="..\src\CollisionManager.cpp">
      <Filter>源文件</Filter>
    </ClCompile>
    <ClCompile Include="..\src\Config.cpp">
      <Filter>源文件</Filter>
    </ClCompile>
    <ClCompile Include="..\src\Config_data.cpp">
      <Filter>源文件</Filter>
    </ClCompile>
    <ClCompile Include="..\src\Game.cpp">
      <Filter>源文件</Filter>
    </ClCompile>
    <ClCompile Include="..\src\GameLevel.cpp">
      <Filter>源文件</Filter>
    </ClCompile>
    <ClCompile Include="..\src\GameManager.cpp">
      <Filter>源文件</Filter>
    </ClCompile>
    <ClCompile Include="..\src\GameMap.cpp">
      <Filter>源文件</Filter>
    </ClCompile>
    <ClCompile Include="..\src\GameObject.cpp">
      <Filter>源文件</Filter>
    </ClCompile>
    <ClCompile Include="..\src\GamePlayer.cpp">
      <Filter>源文件</Filter>
    </ClCompile>
    <ClCompile Include="..\src\InputHandler.cpp">
      <Filter>源文件</Filter>
    </ClCompile>
    <ClCompile Include="..\src\Log.cpp">
      <Filter>源文件</Filter>
    </ClCompile>
    <ClCompile Include="..\src\main.cpp">
      <Filter>源文件</Filter>
    </ClCompile>
    <ClCompile Include="..\src\ScreenDrawer.cpp">
      <Filter>源文件</Filter>
    </ClCompile>
    <ClCompile Include="..\src\PortalManager.cpp">
      <Filter>源文件</Filter>
    </ClCompile>
    <ClCompile Include="..\src\GameBattleManager.cpp">
      <Filter>源文件</Filter>
    </ClCompile>
    <ClCompile Include="..\src\GameTool.cpp">
      <Filter>源文件</Filter>
    </ClCompile>
    <ClCompile Include="..\src\PokemonDataCalculation.cpp">
      <Filter>源文件</Filter>
    </ClCompile>
    <ClCompile Include="..\src\Pokemon.cpp">
      <Filter>源文件</Filter>
    </ClCompile>
    <ClCompile Include="..\src\PokemonDatas.cpp">
      <Filter>源文件</Filter>
    </ClCompile>
    <ClCompile Include="..\src\PokemonSpecies.cpp">
      <Filter>源文件</Filter>
    </ClCompile>
    <ClCompile Include="..\src\PokemonSkill.cpp">
      <Filter>源文件</Filter>
    </ClCompile>
  </ItemGroup>
</Project>